// !$*UTF8*$!
{
	archiveVersion = 1;
	classes = {
	};
	objectVersion = 50;
	objects = {

/* Begin PBXBuildFile section */
		E4643371216764E5000B213E /* Assets.xcassets in Resources */ = {isa = PBXBuildFile; fileRef = E4BC96682154452900E65EA5 /* Assets.xcassets */; };
		E4BC96652154452800E65EA5 /* AppDelegate.swift in Sources */ = {isa = PBXBuildFile; fileRef = E4BC96642154452800E65EA5 /* AppDelegate.swift */; };
		E4BC96672154452800E65EA5 /* ViewController.swift in Sources */ = {isa = PBXBuildFile; fileRef = E4BC96662154452800E65EA5 /* ViewController.swift */; };
		E4BC96692154452900E65EA5 /* Assets.xcassets in Resources */ = {isa = PBXBuildFile; fileRef = E4BC96682154452900E65EA5 /* Assets.xcassets */; };
		E4BC966C2154452900E65EA5 /* Main.storyboard in Resources */ = {isa = PBXBuildFile; fileRef = E4BC966A2154452900E65EA5 /* Main.storyboard */; };
		E4BC96972154455500E65EA5 /* Cocoa.framework in Frameworks */ = {isa = PBXBuildFile; fileRef = E4BC96962154455500E65EA5 /* Cocoa.framework */; };
		E4BC969A2154455600E65EA5 /* SafariExtensionHandler.swift in Sources */ = {isa = PBXBuildFile; fileRef = E4BC96992154455600E65EA5 /* SafariExtensionHandler.swift */; };
		E4BC969C2154455600E65EA5 /* SafariExtensionViewController.swift in Sources */ = {isa = PBXBuildFile; fileRef = E4BC969B2154455600E65EA5 /* SafariExtensionViewController.swift */; };
		E4BC96A22154455600E65EA5 /* script.js in Resources */ = {isa = PBXBuildFile; fileRef = E4BC96A12154455600E65EA5 /* script.js */; };
		E4BC96A82154455600E65EA5 /* RSS Button.appex in Embed App Extensions */ = {isa = PBXBuildFile; fileRef = E4BC96942154455500E65EA5 /* RSS Button.appex */; settings = {ATTRIBUTES = (RemoveHeadersOnCopy, ); }; };
		E4BC96BD21547DF500E65EA5 /* SafariExtensionStateManager.swift in Sources */ = {isa = PBXBuildFile; fileRef = E4BC96BC21547DF500E65EA5 /* SafariExtensionStateManager.swift */; };
		E4BC96BF2154CB2700E65EA5 /* ToolbarItemIcon.pdf in Resources */ = {isa = PBXBuildFile; fileRef = E4BC96BE2154CB2700E65EA5 /* ToolbarItemIcon.pdf */; };
		E4BC96CB2158A5AA00E65EA5 /* FeedModel.swift in Sources */ = {isa = PBXBuildFile; fileRef = E4BC96C92158A2EB00E65EA5 /* FeedModel.swift */; };
		E4BC96D02158A71400E65EA5 /* SafariExtensionViewController.xib in Resources */ = {isa = PBXBuildFile; fileRef = E4BC96CE2158A71400E65EA5 /* SafariExtensionViewController.xib */; };
		E4C55BE4215EF78D00BF9426 /* FeedHandlerModel.swift in Sources */ = {isa = PBXBuildFile; fileRef = E4C55BE3215EF78D00BF9426 /* FeedHandlerModel.swift */; };
		E4C55BE62160730100BF9426 /* SettingsManager.swift in Sources */ = {isa = PBXBuildFile; fileRef = E4C55BE52160730100BF9426 /* SettingsManager.swift */; };
		E4C55BE7216074D400BF9426 /* SettingsManager.swift in Sources */ = {isa = PBXBuildFile; fileRef = E4C55BE52160730100BF9426 /* SettingsManager.swift */; };
		E4C55BE8216074DC00BF9426 /* FeedHandlerModel.swift in Sources */ = {isa = PBXBuildFile; fileRef = E4C55BE3215EF78D00BF9426 /* FeedHandlerModel.swift */; };
		E4C55BE92160A10A00BF9426 /* Cocoa.framework in Frameworks */ = {isa = PBXBuildFile; fileRef = E4BC96962154455500E65EA5 /* Cocoa.framework */; };
		E4C55BF0216432EB00BF9426 /* SafariServices.framework in Frameworks */ = {isa = PBXBuildFile; fileRef = E4C55BEF216432EB00BF9426 /* SafariServices.framework */; };
		E4C55BF12164331000BF9426 /* SafariServices.framework in Frameworks */ = {isa = PBXBuildFile; fileRef = E4C55BEF216432EB00BF9426 /* SafariServices.framework */; };
		E4C55BF32164333200BF9426 /* Foundation.framework in Frameworks */ = {isa = PBXBuildFile; fileRef = E4C55BF22164333200BF9426 /* Foundation.framework */; };
		E4C55BF42164333F00BF9426 /* Foundation.framework in Frameworks */ = {isa = PBXBuildFile; fileRef = E4C55BF22164333200BF9426 /* Foundation.framework */; };
/* End PBXBuildFile section */

/* Begin PBXContainerItemProxy section */
		E4BC96742154452900E65EA5 /* PBXContainerItemProxy */ = {
			isa = PBXContainerItemProxy;
			containerPortal = E4BC96592154452800E65EA5 /* Project object */;
			proxyType = 1;
			remoteGlobalIDString = E4BC96602154452800E65EA5;
			remoteInfo = "RSS Button for Safari";
		};
		E4BC967F2154452900E65EA5 /* PBXContainerItemProxy */ = {
			isa = PBXContainerItemProxy;
			containerPortal = E4BC96592154452800E65EA5 /* Project object */;
			proxyType = 1;
			remoteGlobalIDString = E4BC96602154452800E65EA5;
			remoteInfo = "RSS Button for Safari";
		};
		E4BC96A62154455600E65EA5 /* PBXContainerItemProxy */ = {
			isa = PBXContainerItemProxy;
			containerPortal = E4BC96592154452800E65EA5 /* Project object */;
			proxyType = 1;
			remoteGlobalIDString = E4BC96932154455500E65EA5;
			remoteInfo = "RSS Button";
		};
/* End PBXContainerItemProxy section */

/* Begin PBXCopyFilesBuildPhase section */
		E4BC96AC2154455600E65EA5 /* Embed App Extensions */ = {
			isa = PBXCopyFilesBuildPhase;
			buildActionMask = 2147483647;
			dstPath = "";
			dstSubfolderSpec = 13;
			files = (
				E4BC96A82154455600E65EA5 /* RSS Button.appex in Embed App Extensions */,
			);
			name = "Embed App Extensions";
			runOnlyForDeploymentPostprocessing = 0;
		};
/* End PBXCopyFilesBuildPhase section */

/* Begin PBXFileReference section */
		E4BC96612154452800E65EA5 /* RSS Button for Safari.app */ = {isa = PBXFileReference; explicitFileType = wrapper.application; includeInIndex = 0; path = "RSS Button for Safari.app"; sourceTree = BUILT_PRODUCTS_DIR; };
		E4BC96642154452800E65EA5 /* AppDelegate.swift */ = {isa = PBXFileReference; lastKnownFileType = sourcecode.swift; path = AppDelegate.swift; sourceTree = "<group>"; };
		E4BC96662154452800E65EA5 /* ViewController.swift */ = {isa = PBXFileReference; lastKnownFileType = sourcecode.swift; path = ViewController.swift; sourceTree = "<group>"; };
		E4BC96682154452900E65EA5 /* Assets.xcassets */ = {isa = PBXFileReference; lastKnownFileType = folder.assetcatalog; path = Assets.xcassets; sourceTree = "<group>"; };
		E4BC966B2154452900E65EA5 /* Base */ = {isa = PBXFileReference; lastKnownFileType = file.storyboard; name = Base; path = Base.lproj/Main.storyboard; sourceTree = "<group>"; };
		E4BC966D2154452900E65EA5 /* Info.plist */ = {isa = PBXFileReference; lastKnownFileType = text.plist.xml; path = Info.plist; sourceTree = "<group>"; };
		E4BC966E2154452900E65EA5 /* RSS_Button_for_Safari.entitlements */ = {isa = PBXFileReference; lastKnownFileType = text.plist.entitlements; path = RSS_Button_for_Safari.entitlements; sourceTree = "<group>"; };
		E4BC96732154452900E65EA5 /* RSS-Button-for-SafariTests.xctest */ = {isa = PBXFileReference; explicitFileType = wrapper.cfbundle; includeInIndex = 0; path = "RSS-Button-for-SafariTests.xctest"; sourceTree = BUILT_PRODUCTS_DIR; };
		E4BC967E2154452900E65EA5 /* RSS-Button-for-SafariUITests.xctest */ = {isa = PBXFileReference; explicitFileType = wrapper.cfbundle; includeInIndex = 0; path = "RSS-Button-for-SafariUITests.xctest"; sourceTree = BUILT_PRODUCTS_DIR; };
		E4BC96942154455500E65EA5 /* RSS Button.appex */ = {isa = PBXFileReference; explicitFileType = "wrapper.app-extension"; includeInIndex = 0; path = "RSS Button.appex"; sourceTree = BUILT_PRODUCTS_DIR; };
		E4BC96962154455500E65EA5 /* Cocoa.framework */ = {isa = PBXFileReference; lastKnownFileType = wrapper.framework; name = Cocoa.framework; path = System/Library/Frameworks/Cocoa.framework; sourceTree = SDKROOT; };
		E4BC96992154455600E65EA5 /* SafariExtensionHandler.swift */ = {isa = PBXFileReference; lastKnownFileType = sourcecode.swift; path = SafariExtensionHandler.swift; sourceTree = "<group>"; };
		E4BC969B2154455600E65EA5 /* SafariExtensionViewController.swift */ = {isa = PBXFileReference; lastKnownFileType = sourcecode.swift; path = SafariExtensionViewController.swift; sourceTree = "<group>"; };
		E4BC96A02154455600E65EA5 /* Info.plist */ = {isa = PBXFileReference; lastKnownFileType = text.plist.xml; path = Info.plist; sourceTree = "<group>"; };
		E4BC96A12154455600E65EA5 /* script.js */ = {isa = PBXFileReference; indentWidth = 4; lastKnownFileType = sourcecode.javascript; path = script.js; sourceTree = "<group>"; usesTabs = 0; };
		E4BC96A52154455600E65EA5 /* RSS_Button.entitlements */ = {isa = PBXFileReference; lastKnownFileType = text.plist.entitlements; path = RSS_Button.entitlements; sourceTree = "<group>"; };
		E4BC96BC21547DF500E65EA5 /* SafariExtensionStateManager.swift */ = {isa = PBXFileReference; lastKnownFileType = sourcecode.swift; path = SafariExtensionStateManager.swift; sourceTree = "<group>"; };
		E4BC96BE2154CB2700E65EA5 /* ToolbarItemIcon.pdf */ = {isa = PBXFileReference; lastKnownFileType = image.pdf; path = ToolbarItemIcon.pdf; sourceTree = "<group>"; };
		E4BC96C92158A2EB00E65EA5 /* FeedModel.swift */ = {isa = PBXFileReference; lastKnownFileType = sourcecode.swift; path = FeedModel.swift; sourceTree = "<group>"; };
		E4BC96CF2158A71400E65EA5 /* Base */ = {isa = PBXFileReference; lastKnownFileType = file.xib; name = Base; path = Base.lproj/SafariExtensionViewController.xib; sourceTree = "<group>"; };
		E4C55BE3215EF78D00BF9426 /* FeedHandlerModel.swift */ = {isa = PBXFileReference; lastKnownFileType = sourcecode.swift; path = FeedHandlerModel.swift; sourceTree = "<group>"; };
		E4C55BE52160730100BF9426 /* SettingsManager.swift */ = {isa = PBXFileReference; lastKnownFileType = sourcecode.swift; path = SettingsManager.swift; sourceTree = "<group>"; };
		E4C55BEF216432EB00BF9426 /* SafariServices.framework */ = {isa = PBXFileReference; lastKnownFileType = wrapper.framework; name = SafariServices.framework; path = System/Library/Frameworks/SafariServices.framework; sourceTree = SDKROOT; };
		E4C55BF22164333200BF9426 /* Foundation.framework */ = {isa = PBXFileReference; lastKnownFileType = wrapper.framework; name = Foundation.framework; path = System/Library/Frameworks/Foundation.framework; sourceTree = SDKROOT; };
/* End PBXFileReference section */

/* Begin PBXFrameworksBuildPhase section */
		E4BC965E2154452800E65EA5 /* Frameworks */ = {
			isa = PBXFrameworksBuildPhase;
			buildActionMask = 2147483647;
			files = (
				E4C55BF42164333F00BF9426 /* Foundation.framework in Frameworks */,
				E4C55BE92160A10A00BF9426 /* Cocoa.framework in Frameworks */,
				E4C55BF0216432EB00BF9426 /* SafariServices.framework in Frameworks */,
			);
			runOnlyForDeploymentPostprocessing = 0;
		};
		E4BC96702154452900E65EA5 /* Frameworks */ = {
			isa = PBXFrameworksBuildPhase;
			buildActionMask = 2147483647;
			files = (
			);
			runOnlyForDeploymentPostprocessing = 0;
		};
		E4BC967B2154452900E65EA5 /* Frameworks */ = {
			isa = PBXFrameworksBuildPhase;
			buildActionMask = 2147483647;
			files = (
			);
			runOnlyForDeploymentPostprocessing = 0;
		};
		E4BC96912154455500E65EA5 /* Frameworks */ = {
			isa = PBXFrameworksBuildPhase;
			buildActionMask = 2147483647;
			files = (
				E4C55BF32164333200BF9426 /* Foundation.framework in Frameworks */,
				E4BC96972154455500E65EA5 /* Cocoa.framework in Frameworks */,
				E4C55BF12164331000BF9426 /* SafariServices.framework in Frameworks */,
			);
			runOnlyForDeploymentPostprocessing = 0;
		};
/* End PBXFrameworksBuildPhase section */

/* Begin PBXGroup section */
		E4BC96582154452800E65EA5 = {
			isa = PBXGroup;
			children = (
				E4BC96632154452800E65EA5 /* RSS-Button-MacOS */,
				E4BC96982154455500E65EA5 /* RSS-Button-Safari-Extension */,
				E4BC96952154455500E65EA5 /* Frameworks */,
				E4BC96622154452800E65EA5 /* Products */,
			);
			sourceTree = "<group>";
		};
		E4BC96622154452800E65EA5 /* Products */ = {
			isa = PBXGroup;
			children = (
				E4BC96612154452800E65EA5 /* RSS Button for Safari.app */,
				E4BC96732154452900E65EA5 /* RSS-Button-for-SafariTests.xctest */,
				E4BC967E2154452900E65EA5 /* RSS-Button-for-SafariUITests.xctest */,
				E4BC96942154455500E65EA5 /* RSS Button.appex */,
			);
			name = Products;
			sourceTree = "<group>";
		};
		E4BC96632154452800E65EA5 /* RSS-Button-MacOS */ = {
			isa = PBXGroup;
			children = (
				E4BC96642154452800E65EA5 /* AppDelegate.swift */,
				E4C55BE52160730100BF9426 /* SettingsManager.swift */,
				E4BC96662154452800E65EA5 /* ViewController.swift */,
				E4C55BE3215EF78D00BF9426 /* FeedHandlerModel.swift */,
				E4BC96682154452900E65EA5 /* Assets.xcassets */,
				E4BC966A2154452900E65EA5 /* Main.storyboard */,
				E4BC966D2154452900E65EA5 /* Info.plist */,
				E4BC966E2154452900E65EA5 /* RSS_Button_for_Safari.entitlements */,
			);
			path = "RSS-Button-MacOS";
			sourceTree = "<group>";
		};
		E4BC96952154455500E65EA5 /* Frameworks */ = {
			isa = PBXGroup;
			children = (
				E4C55BF22164333200BF9426 /* Foundation.framework */,
				E4C55BEF216432EB00BF9426 /* SafariServices.framework */,
				E4BC96962154455500E65EA5 /* Cocoa.framework */,
			);
			name = Frameworks;
			sourceTree = "<group>";
		};
		E4BC96982154455500E65EA5 /* RSS-Button-Safari-Extension */ = {
			isa = PBXGroup;
			children = (
				E4BC96992154455600E65EA5 /* SafariExtensionHandler.swift */,
				E4BC96CE2158A71400E65EA5 /* SafariExtensionViewController.xib */,
				E4BC96BC21547DF500E65EA5 /* SafariExtensionStateManager.swift */,
				E4BC969B2154455600E65EA5 /* SafariExtensionViewController.swift */,
				E4BC96BE2154CB2700E65EA5 /* ToolbarItemIcon.pdf */,
				E4BC96A02154455600E65EA5 /* Info.plist */,
				E4BC96A12154455600E65EA5 /* script.js */,
				E4BC96A52154455600E65EA5 /* RSS_Button.entitlements */,
				E4BC96C92158A2EB00E65EA5 /* FeedModel.swift */,
			);
			path = "RSS-Button-Safari-Extension";
			sourceTree = "<group>";
		};
/* End PBXGroup section */

/* Begin PBXNativeTarget section */
		E4BC96602154452800E65EA5 /* RSS Button for Safari */ = {
			isa = PBXNativeTarget;
			buildConfigurationList = E4BC96872154452900E65EA5 /* Build configuration list for PBXNativeTarget "RSS Button for Safari" */;
			buildPhases = (
				E4BC965D2154452800E65EA5 /* Sources */,
				E4BC965E2154452800E65EA5 /* Frameworks */,
				E4BC965F2154452800E65EA5 /* Resources */,
				E4BC96AC2154455600E65EA5 /* Embed App Extensions */,
			);
			buildRules = (
			);
			dependencies = (
				E4BC96A72154455600E65EA5 /* PBXTargetDependency */,
			);
			name = "RSS Button for Safari";
			productName = "RSS Button for Safari";
			productReference = E4BC96612154452800E65EA5 /* RSS Button for Safari.app */;
			productType = "com.apple.product-type.application";
		};
		E4BC96722154452900E65EA5 /* RSS-Button-for-SafariTests */ = {
			isa = PBXNativeTarget;
			buildConfigurationList = E4BC968A2154452900E65EA5 /* Build configuration list for PBXNativeTarget "RSS-Button-for-SafariTests" */;
			buildPhases = (
				E4BC966F2154452900E65EA5 /* Sources */,
				E4BC96702154452900E65EA5 /* Frameworks */,
				E4BC96712154452900E65EA5 /* Resources */,
			);
			buildRules = (
			);
			dependencies = (
				E4BC96752154452900E65EA5 /* PBXTargetDependency */,
			);
			name = "RSS-Button-for-SafariTests";
			productName = "RSS Button for SafariTests";
			productReference = E4BC96732154452900E65EA5 /* RSS-Button-for-SafariTests.xctest */;
			productType = "com.apple.product-type.bundle.unit-test";
		};
		E4BC967D2154452900E65EA5 /* RSS-Button-for-SafariUITests */ = {
			isa = PBXNativeTarget;
			buildConfigurationList = E4BC968D2154452900E65EA5 /* Build configuration list for PBXNativeTarget "RSS-Button-for-SafariUITests" */;
			buildPhases = (
				E4BC967A2154452900E65EA5 /* Sources */,
				E4BC967B2154452900E65EA5 /* Frameworks */,
				E4BC967C2154452900E65EA5 /* Resources */,
			);
			buildRules = (
			);
			dependencies = (
				E4BC96802154452900E65EA5 /* PBXTargetDependency */,
			);
			name = "RSS-Button-for-SafariUITests";
			productName = "RSS Button for SafariUITests";
			productReference = E4BC967E2154452900E65EA5 /* RSS-Button-for-SafariUITests.xctest */;
			productType = "com.apple.product-type.bundle.ui-testing";
		};
		E4BC96932154455500E65EA5 /* RSS Button */ = {
			isa = PBXNativeTarget;
			buildConfigurationList = E4BC96A92154455600E65EA5 /* Build configuration list for PBXNativeTarget "RSS Button" */;
			buildPhases = (
				E4BC96902154455500E65EA5 /* Sources */,
				E4BC96912154455500E65EA5 /* Frameworks */,
				E4BC96922154455500E65EA5 /* Resources */,
			);
			buildRules = (
			);
			dependencies = (
			);
			name = "RSS Button";
			productName = "RSS Button";
			productReference = E4BC96942154455500E65EA5 /* RSS Button.appex */;
			productType = "com.apple.product-type.app-extension";
		};
/* End PBXNativeTarget section */

/* Begin PBXProject section */
		E4BC96592154452800E65EA5 /* Project object */ = {
			isa = PBXProject;
			attributes = {
				LastSwiftUpdateCheck = 1000;
				LastUpgradeCheck = 1000;
				ORGANIZATIONNAME = "BitPiston Studios";
				TargetAttributes = {
					E4BC96602154452800E65EA5 = {
						CreatedOnToolsVersion = 10.0;
						LastSwiftMigration = 1100;
						SystemCapabilities = {
							com.apple.ApplicationGroups.Mac = {
								enabled = 1;
							};
							com.apple.HardenedRuntime = {
								enabled = 1;
							};
							com.apple.Sandbox = {
								enabled = 1;
							};
						};
					};
					E4BC96722154452900E65EA5 = {
						CreatedOnToolsVersion = 10.0;
						TestTargetID = E4BC96602154452800E65EA5;
					};
					E4BC967D2154452900E65EA5 = {
						CreatedOnToolsVersion = 10.0;
						TestTargetID = E4BC96602154452800E65EA5;
					};
					E4BC96932154455500E65EA5 = {
						CreatedOnToolsVersion = 10.0;
						LastSwiftMigration = 1100;
						SystemCapabilities = {
							com.apple.ApplicationGroups.Mac = {
								enabled = 1;
							};
							com.apple.HardenedRuntime = {
								enabled = 1;
							};
							com.apple.Sandbox = {
								enabled = 1;
							};
						};
					};
				};
			};
			buildConfigurationList = E4BC965C2154452800E65EA5 /* Build configuration list for PBXProject "RSS-Button-for-Safari" */;
			compatibilityVersion = "Xcode 9.3";
			developmentRegion = en;
			hasScannedForEncodings = 0;
			knownRegions = (
				en,
				Base,
			);
			mainGroup = E4BC96582154452800E65EA5;
			productRefGroup = E4BC96622154452800E65EA5 /* Products */;
			projectDirPath = "";
			projectRoot = "";
			targets = (
				E4BC96602154452800E65EA5 /* RSS Button for Safari */,
				E4BC96722154452900E65EA5 /* RSS-Button-for-SafariTests */,
				E4BC967D2154452900E65EA5 /* RSS-Button-for-SafariUITests */,
				E4BC96932154455500E65EA5 /* RSS Button */,
			);
		};
/* End PBXProject section */

/* Begin PBXResourcesBuildPhase section */
		E4BC965F2154452800E65EA5 /* Resources */ = {
			isa = PBXResourcesBuildPhase;
			buildActionMask = 2147483647;
			files = (
				E4BC96692154452900E65EA5 /* Assets.xcassets in Resources */,
				E4BC966C2154452900E65EA5 /* Main.storyboard in Resources */,
			);
			runOnlyForDeploymentPostprocessing = 0;
		};
		E4BC96712154452900E65EA5 /* Resources */ = {
			isa = PBXResourcesBuildPhase;
			buildActionMask = 2147483647;
			files = (
			);
			runOnlyForDeploymentPostprocessing = 0;
		};
		E4BC967C2154452900E65EA5 /* Resources */ = {
			isa = PBXResourcesBuildPhase;
			buildActionMask = 2147483647;
			files = (
			);
			runOnlyForDeploymentPostprocessing = 0;
		};
		E4BC96922154455500E65EA5 /* Resources */ = {
			isa = PBXResourcesBuildPhase;
			buildActionMask = 2147483647;
			files = (
				E4BC96D02158A71400E65EA5 /* SafariExtensionViewController.xib in Resources */,
				E4BC96A22154455600E65EA5 /* script.js in Resources */,
				E4BC96BF2154CB2700E65EA5 /* ToolbarItemIcon.pdf in Resources */,
				E4643371216764E5000B213E /* Assets.xcassets in Resources */,
			);
			runOnlyForDeploymentPostprocessing = 0;
		};
/* End PBXResourcesBuildPhase section */

/* Begin PBXSourcesBuildPhase section */
		E4BC965D2154452800E65EA5 /* Sources */ = {
			isa = PBXSourcesBuildPhase;
			buildActionMask = 2147483647;
			files = (
				E4C55BE4215EF78D00BF9426 /* FeedHandlerModel.swift in Sources */,
				E4C55BE62160730100BF9426 /* SettingsManager.swift in Sources */,
				E4BC96672154452800E65EA5 /* ViewController.swift in Sources */,
				E4BC96652154452800E65EA5 /* AppDelegate.swift in Sources */,
			);
			runOnlyForDeploymentPostprocessing = 0;
		};
		E4BC966F2154452900E65EA5 /* Sources */ = {
			isa = PBXSourcesBuildPhase;
			buildActionMask = 2147483647;
			files = (
			);
			runOnlyForDeploymentPostprocessing = 0;
		};
		E4BC967A2154452900E65EA5 /* Sources */ = {
			isa = PBXSourcesBuildPhase;
			buildActionMask = 2147483647;
			files = (
			);
			runOnlyForDeploymentPostprocessing = 0;
		};
		E4BC96902154455500E65EA5 /* Sources */ = {
			isa = PBXSourcesBuildPhase;
			buildActionMask = 2147483647;
			files = (
				E4C55BE8216074DC00BF9426 /* FeedHandlerModel.swift in Sources */,
				E4BC96CB2158A5AA00E65EA5 /* FeedModel.swift in Sources */,
				E4C55BE7216074D400BF9426 /* SettingsManager.swift in Sources */,
				E4BC96BD21547DF500E65EA5 /* SafariExtensionStateManager.swift in Sources */,
				E4BC969A2154455600E65EA5 /* SafariExtensionHandler.swift in Sources */,
				E4BC969C2154455600E65EA5 /* SafariExtensionViewController.swift in Sources */,
			);
			runOnlyForDeploymentPostprocessing = 0;
		};
/* End PBXSourcesBuildPhase section */

/* Begin PBXTargetDependency section */
		E4BC96752154452900E65EA5 /* PBXTargetDependency */ = {
			isa = PBXTargetDependency;
			target = E4BC96602154452800E65EA5 /* RSS Button for Safari */;
			targetProxy = E4BC96742154452900E65EA5 /* PBXContainerItemProxy */;
		};
		E4BC96802154452900E65EA5 /* PBXTargetDependency */ = {
			isa = PBXTargetDependency;
			target = E4BC96602154452800E65EA5 /* RSS Button for Safari */;
			targetProxy = E4BC967F2154452900E65EA5 /* PBXContainerItemProxy */;
		};
		E4BC96A72154455600E65EA5 /* PBXTargetDependency */ = {
			isa = PBXTargetDependency;
			target = E4BC96932154455500E65EA5 /* RSS Button */;
			targetProxy = E4BC96A62154455600E65EA5 /* PBXContainerItemProxy */;
		};
/* End PBXTargetDependency section */

/* Begin PBXVariantGroup section */
		E4BC966A2154452900E65EA5 /* Main.storyboard */ = {
			isa = PBXVariantGroup;
			children = (
				E4BC966B2154452900E65EA5 /* Base */,
			);
			name = Main.storyboard;
			sourceTree = "<group>";
		};
		E4BC96CE2158A71400E65EA5 /* SafariExtensionViewController.xib */ = {
			isa = PBXVariantGroup;
			children = (
				E4BC96CF2158A71400E65EA5 /* Base */,
			);
			name = SafariExtensionViewController.xib;
			sourceTree = "<group>";
		};
/* End PBXVariantGroup section */

/* Begin XCBuildConfiguration section */
		E4BC96852154452900E65EA5 /* Debug */ = {
			isa = XCBuildConfiguration;
			buildSettings = {
				ALWAYS_SEARCH_USER_PATHS = NO;
				CLANG_ANALYZER_NONNULL = YES;
				CLANG_ANALYZER_NUMBER_OBJECT_CONVERSION = YES_AGGRESSIVE;
				CLANG_CXX_LANGUAGE_STANDARD = "gnu++14";
				CLANG_CXX_LIBRARY = "libc++";
				CLANG_ENABLE_MODULES = YES;
				CLANG_ENABLE_OBJC_ARC = YES;
				CLANG_ENABLE_OBJC_WEAK = YES;
				CLANG_WARN_BLOCK_CAPTURE_AUTORELEASING = YES;
				CLANG_WARN_BOOL_CONVERSION = YES;
				CLANG_WARN_COMMA = YES;
				CLANG_WARN_CONSTANT_CONVERSION = YES;
				CLANG_WARN_DEPRECATED_OBJC_IMPLEMENTATIONS = YES;
				CLANG_WARN_DIRECT_OBJC_ISA_USAGE = YES_ERROR;
				CLANG_WARN_DOCUMENTATION_COMMENTS = YES;
				CLANG_WARN_EMPTY_BODY = YES;
				CLANG_WARN_ENUM_CONVERSION = YES;
				CLANG_WARN_INFINITE_RECURSION = YES;
				CLANG_WARN_INT_CONVERSION = YES;
				CLANG_WARN_NON_LITERAL_NULL_CONVERSION = YES;
				CLANG_WARN_OBJC_IMPLICIT_RETAIN_SELF = YES;
				CLANG_WARN_OBJC_LITERAL_CONVERSION = YES;
				CLANG_WARN_OBJC_ROOT_CLASS = YES_ERROR;
				CLANG_WARN_RANGE_LOOP_ANALYSIS = YES;
				CLANG_WARN_STRICT_PROTOTYPES = YES;
				CLANG_WARN_SUSPICIOUS_MOVE = YES;
				CLANG_WARN_UNGUARDED_AVAILABILITY = YES_AGGRESSIVE;
				CLANG_WARN_UNREACHABLE_CODE = YES;
				CLANG_WARN__DUPLICATE_METHOD_MATCH = YES;
				CODE_SIGN_IDENTITY = "-";
				COPY_PHASE_STRIP = NO;
				DEBUG_INFORMATION_FORMAT = dwarf;
				ENABLE_STRICT_OBJC_MSGSEND = YES;
				ENABLE_TESTABILITY = YES;
				GCC_C_LANGUAGE_STANDARD = gnu11;
				GCC_DYNAMIC_NO_PIC = NO;
				GCC_NO_COMMON_BLOCKS = YES;
				GCC_OPTIMIZATION_LEVEL = 0;
				GCC_PREPROCESSOR_DEFINITIONS = (
					"DEBUG=1",
					"$(inherited)",
				);
				GCC_WARN_64_TO_32_BIT_CONVERSION = YES;
				GCC_WARN_ABOUT_RETURN_TYPE = YES_ERROR;
				GCC_WARN_UNDECLARED_SELECTOR = YES;
				GCC_WARN_UNINITIALIZED_AUTOS = YES_AGGRESSIVE;
				GCC_WARN_UNUSED_FUNCTION = YES;
				GCC_WARN_UNUSED_VARIABLE = YES;
				MACOSX_DEPLOYMENT_TARGET = 10.12;
				MTL_ENABLE_DEBUG_INFO = INCLUDE_SOURCE;
				MTL_FAST_MATH = YES;
				ONLY_ACTIVE_ARCH = YES;
				SDKROOT = macosx;
				SWIFT_ACTIVE_COMPILATION_CONDITIONS = DEBUG;
				SWIFT_OPTIMIZATION_LEVEL = "-Onone";
			};
			name = Debug;
		};
		E4BC96862154452900E65EA5 /* Release */ = {
			isa = XCBuildConfiguration;
			buildSettings = {
				ALWAYS_SEARCH_USER_PATHS = NO;
				CLANG_ANALYZER_NONNULL = YES;
				CLANG_ANALYZER_NUMBER_OBJECT_CONVERSION = YES_AGGRESSIVE;
				CLANG_CXX_LANGUAGE_STANDARD = "gnu++14";
				CLANG_CXX_LIBRARY = "libc++";
				CLANG_ENABLE_MODULES = YES;
				CLANG_ENABLE_OBJC_ARC = YES;
				CLANG_ENABLE_OBJC_WEAK = YES;
				CLANG_WARN_BLOCK_CAPTURE_AUTORELEASING = YES;
				CLANG_WARN_BOOL_CONVERSION = YES;
				CLANG_WARN_COMMA = YES;
				CLANG_WARN_CONSTANT_CONVERSION = YES;
				CLANG_WARN_DEPRECATED_OBJC_IMPLEMENTATIONS = YES;
				CLANG_WARN_DIRECT_OBJC_ISA_USAGE = YES_ERROR;
				CLANG_WARN_DOCUMENTATION_COMMENTS = YES;
				CLANG_WARN_EMPTY_BODY = YES;
				CLANG_WARN_ENUM_CONVERSION = YES;
				CLANG_WARN_INFINITE_RECURSION = YES;
				CLANG_WARN_INT_CONVERSION = YES;
				CLANG_WARN_NON_LITERAL_NULL_CONVERSION = YES;
				CLANG_WARN_OBJC_IMPLICIT_RETAIN_SELF = YES;
				CLANG_WARN_OBJC_LITERAL_CONVERSION = YES;
				CLANG_WARN_OBJC_ROOT_CLASS = YES_ERROR;
				CLANG_WARN_RANGE_LOOP_ANALYSIS = YES;
				CLANG_WARN_STRICT_PROTOTYPES = YES;
				CLANG_WARN_SUSPICIOUS_MOVE = YES;
				CLANG_WARN_UNGUARDED_AVAILABILITY = YES_AGGRESSIVE;
				CLANG_WARN_UNREACHABLE_CODE = YES;
				CLANG_WARN__DUPLICATE_METHOD_MATCH = YES;
				CODE_SIGN_IDENTITY = "-";
				COPY_PHASE_STRIP = NO;
				DEBUG_INFORMATION_FORMAT = "dwarf-with-dsym";
				ENABLE_NS_ASSERTIONS = NO;
				ENABLE_STRICT_OBJC_MSGSEND = YES;
				GCC_C_LANGUAGE_STANDARD = gnu11;
				GCC_NO_COMMON_BLOCKS = YES;
				GCC_WARN_64_TO_32_BIT_CONVERSION = YES;
				GCC_WARN_ABOUT_RETURN_TYPE = YES_ERROR;
				GCC_WARN_UNDECLARED_SELECTOR = YES;
				GCC_WARN_UNINITIALIZED_AUTOS = YES_AGGRESSIVE;
				GCC_WARN_UNUSED_FUNCTION = YES;
				GCC_WARN_UNUSED_VARIABLE = YES;
				MACOSX_DEPLOYMENT_TARGET = 10.12;
				MTL_ENABLE_DEBUG_INFO = NO;
				MTL_FAST_MATH = YES;
				SDKROOT = macosx;
				SWIFT_COMPILATION_MODE = wholemodule;
				SWIFT_OPTIMIZATION_LEVEL = "-O";
			};
			name = Release;
		};
		E4BC96882154452900E65EA5 /* Debug */ = {
			isa = XCBuildConfiguration;
			buildSettings = {
				ALWAYS_EMBED_SWIFT_STANDARD_LIBRARIES = YES;
				ASSETCATALOG_COMPILER_APPICON_NAME = AppIcon;
				CLANG_USE_OPTIMIZATION_PROFILE = YES;
				CODE_SIGN_ENTITLEMENTS = "RSS-Button-MacOS/RSS_Button_for_Safari.entitlements";
				CODE_SIGN_IDENTITY = "Apple Development";
				CODE_SIGN_STYLE = Automatic;
				COMBINE_HIDPI_IMAGES = YES;
				CURRENT_PROJECT_VERSION = 66;
				DEVELOPMENT_TEAM = YE2H3T9GV5;
				ENABLE_HARDENED_RUNTIME = YES;
				INFOPLIST_FILE = "RSS-Button-MacOS/Info.plist";
				LD_RUNPATH_SEARCH_PATHS = (
					"$(inherited)",
					"@executable_path/../Frameworks",
				);
				MACOSX_DEPLOYMENT_TARGET = 10.12;
				MARKETING_VERSION = 1.6.1;
				"OTHER_SWIFT_FLAGS[arch=*]" = "-D DEBUG";
				PRODUCT_BUNDLE_IDENTIFIER = com.bitpiston.RSSButton4Safari;
				PRODUCT_NAME = "$(TARGET_NAME)";
				PROVISIONING_PROFILE_SPECIFIER = "";
				SWIFT_VERSION = 5.0;
			};
			name = Debug;
		};
		E4BC96892154452900E65EA5 /* Release */ = {
			isa = XCBuildConfiguration;
			buildSettings = {
				ALWAYS_EMBED_SWIFT_STANDARD_LIBRARIES = YES;
				ASSETCATALOG_COMPILER_APPICON_NAME = AppIcon;
				CLANG_USE_OPTIMIZATION_PROFILE = YES;
				CODE_SIGN_ENTITLEMENTS = "RSS-Button-MacOS/RSS_Button_for_Safari.entitlements";
				CODE_SIGN_IDENTITY = "Apple Development";
				CODE_SIGN_STYLE = Automatic;
				COMBINE_HIDPI_IMAGES = YES;
				CURRENT_PROJECT_VERSION = 66;
				DEVELOPMENT_TEAM = YE2H3T9GV5;
				ENABLE_HARDENED_RUNTIME = YES;
				INFOPLIST_FILE = "RSS-Button-MacOS/Info.plist";
				LD_RUNPATH_SEARCH_PATHS = (
					"$(inherited)",
					"@executable_path/../Frameworks",
				);
				MACOSX_DEPLOYMENT_TARGET = 10.12;
				MARKETING_VERSION = 1.6.1;
				PRODUCT_BUNDLE_IDENTIFIER = com.bitpiston.RSSButton4Safari;
				PRODUCT_NAME = "$(TARGET_NAME)";
				PROVISIONING_PROFILE_SPECIFIER = "";
				SWIFT_VERSION = 5.0;
			};
			name = Release;
		};
		E4BC968B2154452900E65EA5 /* Debug */ = {
			isa = XCBuildConfiguration;
			buildSettings = {
				ALWAYS_EMBED_SWIFT_STANDARD_LIBRARIES = YES;
				BUNDLE_LOADER = "$(TEST_HOST)";
				CODE_SIGN_STYLE = Automatic;
				COMBINE_HIDPI_IMAGES = YES;
				INFOPLIST_FILE = "RSS Button for SafariTests/Info.plist";
				LD_RUNPATH_SEARCH_PATHS = (
					"$(inherited)",
					"@executable_path/../Frameworks",
					"@loader_path/../Frameworks",
				);
				PRODUCT_BUNDLE_IDENTIFIER = "bitpiston.RSS-Button-for-SafariTests";
				PRODUCT_NAME = "$(TARGET_NAME)";
				SWIFT_VERSION = 4.2;
				TEST_HOST = "$(BUILT_PRODUCTS_DIR)/RSS-Button-for-Safari.app/Contents/MacOS/RSS-Button-for-Safari";
			};
			name = Debug;
		};
		E4BC968C2154452900E65EA5 /* Release */ = {
			isa = XCBuildConfiguration;
			buildSettings = {
				ALWAYS_EMBED_SWIFT_STANDARD_LIBRARIES = YES;
				BUNDLE_LOADER = "$(TEST_HOST)";
				CODE_SIGN_STYLE = Automatic;
				COMBINE_HIDPI_IMAGES = YES;
				INFOPLIST_FILE = "RSS Button for SafariTests/Info.plist";
				LD_RUNPATH_SEARCH_PATHS = (
					"$(inherited)",
					"@executable_path/../Frameworks",
					"@loader_path/../Frameworks",
				);
				PRODUCT_BUNDLE_IDENTIFIER = "bitpiston.RSS-Button-for-SafariTests";
				PRODUCT_NAME = "$(TARGET_NAME)";
				SWIFT_VERSION = 4.2;
				TEST_HOST = "$(BUILT_PRODUCTS_DIR)/RSS-Button-for-Safari.app/Contents/MacOS/RSS-Button-for-Safari";
			};
			name = Release;
		};
		E4BC968E2154452900E65EA5 /* Debug */ = {
			isa = XCBuildConfiguration;
			buildSettings = {
				ALWAYS_EMBED_SWIFT_STANDARD_LIBRARIES = YES;
				CODE_SIGN_STYLE = Automatic;
				COMBINE_HIDPI_IMAGES = YES;
				INFOPLIST_FILE = "RSS Button for SafariUITests/Info.plist";
				LD_RUNPATH_SEARCH_PATHS = (
					"$(inherited)",
					"@executable_path/../Frameworks",
					"@loader_path/../Frameworks",
				);
				PRODUCT_BUNDLE_IDENTIFIER = "bitpiston.RSS-Button-for-SafariUITests";
				PRODUCT_NAME = "$(TARGET_NAME)";
				SWIFT_VERSION = 4.2;
				TEST_TARGET_NAME = "RSS Button for Safari";
			};
			name = Debug;
		};
		E4BC968F2154452900E65EA5 /* Release */ = {
			isa = XCBuildConfiguration;
			buildSettings = {
				ALWAYS_EMBED_SWIFT_STANDARD_LIBRARIES = YES;
				CODE_SIGN_STYLE = Automatic;
				COMBINE_HIDPI_IMAGES = YES;
				INFOPLIST_FILE = "RSS Button for SafariUITests/Info.plist";
				LD_RUNPATH_SEARCH_PATHS = (
					"$(inherited)",
					"@executable_path/../Frameworks",
					"@loader_path/../Frameworks",
				);
				PRODUCT_BUNDLE_IDENTIFIER = "bitpiston.RSS-Button-for-SafariUITests";
				PRODUCT_NAME = "$(TARGET_NAME)";
				SWIFT_VERSION = 4.2;
				TEST_TARGET_NAME = "RSS Button for Safari";
			};
			name = Release;
		};
		E4BC96AA2154455600E65EA5 /* Debug */ = {
			isa = XCBuildConfiguration;
			buildSettings = {
				ASSETCATALOG_COMPILER_APPICON_NAME = AppIcon;
				CLANG_USE_OPTIMIZATION_PROFILE = YES;
				CODE_SIGN_ENTITLEMENTS = "RSS-Button-Safari-Extension/RSS_Button.entitlements";
				CODE_SIGN_IDENTITY = "Mac Developer";
				CODE_SIGN_STYLE = Automatic;
				CURRENT_PROJECT_VERSION = 66;
				DEVELOPMENT_TEAM = YE2H3T9GV5;
				ENABLE_HARDENED_RUNTIME = YES;
				INFOPLIST_FILE = "RSS-Button-Safari-Extension/Info.plist";
				LD_RUNPATH_SEARCH_PATHS = (
					"$(inherited)",
					"@executable_path/../Frameworks",
					"@executable_path/../../../../Frameworks",
				);
				MACOSX_DEPLOYMENT_TARGET = 10.12;
				MARKETING_VERSION = 1.6.1;
				"OTHER_SWIFT_FLAGS[arch=*]" = "-D DEBUG";
				PRODUCT_BUNDLE_IDENTIFIER = com.bitpiston.RSSButton4Safari.SafariExtension;
				PRODUCT_NAME = "$(TARGET_NAME)";
				PROVISIONING_PROFILE_SPECIFIER = "";
				SKIP_INSTALL = YES;
				SWIFT_VERSION = 5.0;
			};
			name = Debug;
		};
		E4BC96AB2154455600E65EA5 /* Release */ = {
			isa = XCBuildConfiguration;
			buildSettings = {
				ASSETCATALOG_COMPILER_APPICON_NAME = AppIcon;
				CLANG_USE_OPTIMIZATION_PROFILE = YES;
				CODE_SIGN_ENTITLEMENTS = "RSS-Button-Safari-Extension/RSS_Button.entitlements";
				CODE_SIGN_IDENTITY = "Mac Developer";
				CODE_SIGN_STYLE = Automatic;
				CURRENT_PROJECT_VERSION = 66;
				DEVELOPMENT_TEAM = YE2H3T9GV5;
				ENABLE_HARDENED_RUNTIME = YES;
				INFOPLIST_FILE = "RSS-Button-Safari-Extension/Info.plist";
				LD_RUNPATH_SEARCH_PATHS = (
					"$(inherited)",
					"@executable_path/../Frameworks",
					"@executable_path/../../../../Frameworks",
				);
				MACOSX_DEPLOYMENT_TARGET = 10.12;
				MARKETING_VERSION = 1.6.1;
				PRODUCT_BUNDLE_IDENTIFIER = com.bitpiston.RSSButton4Safari.SafariExtension;
				PRODUCT_NAME = "$(TARGET_NAME)";
				PROVISIONING_PROFILE_SPECIFIER = "";
				SKIP_INSTALL = YES;
				SWIFT_VERSION = 5.0;
			};
			name = Release;
		};
/* End XCBuildConfiguration section */

/* Begin XCConfigurationList section */
		E4BC965C2154452800E65EA5 /* Build configuration list for PBXProject "RSS-Button-for-Safari" */ = {
			isa = XCConfigurationList;
			buildConfigurations = (
				E4BC96852154452900E65EA5 /* Debug */,
				E4BC96862154452900E65EA5 /* Release */,
			);
			defaultConfigurationIsVisible = 0;
			defaultConfigurationName = Release;
		};
		E4BC96872154452900E65EA5 /* Build configuration list for PBXNativeTarget "RSS Button for Safari" */ = {
			isa = XCConfigurationList;
			buildConfigurations = (
				E4BC96882154452900E65EA5 /* Debug */,
				E4BC96892154452900E65EA5 /* Release */,
			);
			defaultConfigurationIsVisible = 0;
			defaultConfigurationName = Release;
		};
		E4BC968A2154452900E65EA5 /* Build configuration list for PBXNativeTarget "RSS-Button-for-SafariTests" */ = {
			isa = XCConfigurationList;
			buildConfigurations = (
				E4BC968B2154452900E65EA5 /* Debug */,
				E4BC968C2154452900E65EA5 /* Release */,
			);
			defaultConfigurationIsVisible = 0;
			defaultConfigurationName = Release;
		};
		E4BC968D2154452900E65EA5 /* Build configuration list for PBXNativeTarget "RSS-Button-for-SafariUITests" */ = {
			isa = XCConfigurationList;
			buildConfigurations = (
				E4BC968E2154452900E65EA5 /* Debug */,
				E4BC968F2154452900E65EA5 /* Release */,
			);
			defaultConfigurationIsVisible = 0;
			defaultConfigurationName = Release;
		};
		E4BC96A92154455600E65EA5 /* Build configuration list for PBXNativeTarget "RSS Button" */ = {
			isa = XCConfigurationList;
			buildConfigurations = (
				E4BC96AA2154455600E65EA5 /* Debug */,
				E4BC96AB2154455600E65EA5 /* Release */,
			);
			defaultConfigurationIsVisible = 0;
			defaultConfigurationName = Release;
		};
/* End XCConfigurationList section */
	};
	rootObject = E4BC96592154452800E65EA5 /* Project object */;
}
